hash: 64f53ab03c1df16360199e78031ce45c6a46549ca1d69edc2ee8d691eaa04c41
updated: 2017-10-27T22:03:52.10207832-07:00
imports:
- name: github.com/atom-deps/zlog
  version: 15bfff95e49ff56d694ac60da0d8f14d59804986
- name: github.com/satori/go.uuid
  version: 5bf94b69c6b68ee1b541973bb8e1144db23a194b
testImports:
- name: github.com/gopherjs/gopherjs
  version: a0a7cfed7b2a54080888fd2b3d4a3ec14562c86c
  subpackages:
  - js
- name: github.com/jtolds/gls
  version: 77f18212c9c7edc9bd6a33d383a7b545ce62f064
- name: github.com/smartystreets/assertions
  version: 0b37b35ec7434b77e77a4bb29b79677cced992ea
  subpackages:
  - internal/go-render/render
  - internal/oglematchers
- name: github.com/smartystreets/goconvey
  version: e5b2b7c9111590d019a696c7800593f666e1a7f4
  subpackages:
  - convey
  - convey/gotest
  - convey/reporting
