hash: c8ae7d40770693aed008570a5388f26f0e15ce88b75ec009c3924cca82ddbdec
updated: 2017-11-08T17:46:33.188735058-08:00
imports:
- name: github.com/anuvu/zlog
  version: ff66b04dc983fbecb5f3e0dc7d80e74c69984035
- name: github.com/rs/zerolog
  version: 9d194eb6f50e8718a6d6f8f1e1f0bf3ddf4065f1
  subpackages:
  - internal/json
- name: github.com/satori/go.uuid
  version: 5bf94b69c6b68ee1b541973bb8e1144db23a194b
testImports:
- name: github.com/gopherjs/gopherjs
  version: a0a7cfed7b2a54080888fd2b3d4a3ec14562c86c
  subpackages:
  - js
- name: github.com/jtolds/gls
  version: 77f18212c9c7edc9bd6a33d383a7b545ce62f064
- name: github.com/smartystreets/assertions
  version: 0b37b35ec7434b77e77a4bb29b79677cced992ea
  subpackages:
  - internal/go-render/render
  - internal/oglematchers
- name: github.com/smartystreets/goconvey
  version: e5b2b7c9111590d019a696c7800593f666e1a7f4
  subpackages:
  - convey
  - convey/gotest
  - convey/reporting
